Microsoft Visual Studio Solution File, Format Version 12.00
# Visual Studio Version 17
VisualStudioVersion = 17.5.2.0
MinimumVisualStudioVersion = 10.0.40219.1
Project("{FAE04EC0-301F-11D3-BF4B-00C04F79EFBC}") = "SportsLeague", "SportsLeague.csproj", "{91FF038A-431F-C8F1-D3C9-9601C87970B8}"
EndProject
Global
	GlobalSection(SolutionConfigurationPlatforms) = preSolution
		Debug|Any CPU = Debug|Any CPU
		Release|Any CPU = Release|Any CPU
	EndGlobalSection
	GlobalSection(ProjectConfigurationPlatforms) = postSolution
		{91FF038A-431F-C8F1-D3C9-9601C87970B8}.Debug|Any CPU.ActiveCfg = Debug|Any CPU
		{91FF038A-431F-C8F1-D3C9-9601C87970B8}.Debug|Any CPU.Build.0 = Debug|Any CPU
		{91FF038A-431F-C8F1-D3C9-9601C87970B8}.Release|Any CPU.ActiveCfg = Release|Any CPU
		{91FF038A-431F-C8F1-D3C9-9601C87970B8}.Release|Any CPU.Build.0 = Release|Any CPU
	EndGlobalSection
	GlobalSection(SolutionProperties) = preSolution
		HideSolutionNode = FALSE
	EndGlobalSection
	GlobalSection(ExtensibilityGlobals) = postSolution
		SolutionGuid = {2B344A2E-6E32-4945-A933-6C2B49D5061C}
	EndGlobalSection
EndGlobal
